
Microsoft Visual Studio Solution File, Format Version 12.00
# Visual Studio Version 17
VisualStudioVersion = 17.14.36811.4 d17.14
MinimumVisualStudioVersion = 10.0.40219.1
Project("{FAE04EC0-301F-11D3-BF4B-00C04F79EFBC}") = "PA101App", "PA101App\PA101App.csproj", "{316C33FF-6FBE-481F-A49F-3600E3C6744E}"
EndProject
Global
	GlobalSection(SolutionConfigurationPlatforms) = preSolution
		Debug|Any CPU = Debug|Any CPU
		Release|Any CPU = Release|Any CPU
	EndGlobalSection
	GlobalSection(ProjectConfigurationPlatforms) = postSolution
		{316C33FF-6FBE-481F-A49F-3600E3C6744E}.Debug|Any CPU.ActiveCfg = Debug|Any CPU
		{316C33FF-6FBE-481F-A49F-3600E3C6744E}.Debug|Any CPU.Build.0 = Debug|Any CPU
		{316C33FF-6FBE-481F-A49F-3600E3C6744E}.Release|Any CPU.ActiveCfg = Release|Any CPU
		{316C33FF-6FBE-481F-A49F-3600E3C6744E}.Release|Any CPU.Build.0 = Release|Any CPU
	EndGlobalSection
	GlobalSection(SolutionProperties) = preSolution
		HideSolutionNode = FALSE
	EndGlobalSection
	GlobalSection(ExtensibilityGlobals) = postSolution
		SolutionGuid = {A8AD75AE-6066-403A-A37A-CCE179635A63}
	EndGlobalSection
EndGlobal
